
Microsoft Visual Studio Solution File, Format Version 10.00
# Visual C++ Express 2008
Project("{8BC9CEB8-8B4A-11D0-8D11-00A0C91BC942}") = "SprintfBlockDLL", "SprintfBlockDLL.vcproj", "{08529516-015D-472B-A5A9-F1A74BB17241}"
EndProject
Global
	GlobalSection(SolutionConfigurationPlatforms) = preSolution
		Debug|Win32 = Debug|Win32
		Release|Win32 = Release|Win32
	EndGlobalSection
	GlobalSection(ProjectConfigurationPlatforms) = postSolution
		{08529516-015D-472B-A5A9-F1A74BB17241}.Debug|Win32.ActiveCfg = Debug|Win32
		{08529516-015D-472B-A5A9-F1A74BB17241}.Debug|Win32.Build.0 = Debug|Win32
		{08529516-015D-472B-A5A9-F1A74BB17241}.Release|Win32.ActiveCfg = Release|Win32
		{08529516-015D-472B-A5A9-F1A74BB17241}.Release|Win32.Build.0 = Release|Win32
	EndGlobalSection
	GlobalSection(SolutionProperties) = preSolution
		HideSolutionNode = FALSE
	EndGlobalSection
EndGlobal
