
Microsoft Visual Studio Solution File, Format Version 10.00
# Visual C++ Express 2008
Project("{8BC9CEB8-8B4A-11D0-8D11-00A0C91BC942}") = "FlexBlocksDLL", "FlexBlocksDLL.vcproj", "{D010109B-1C97-4308-9E11-71544C44FAE8}"
EndProject
Global
	GlobalSection(SolutionConfigurationPlatforms) = preSolution
		Debug|Win32 = Debug|Win32
		Release|Win32 = Release|Win32
	EndGlobalSection
	GlobalSection(ProjectConfigurationPlatforms) = postSolution
		{D010109B-1C97-4308-9E11-71544C44FAE8}.Debug|Win32.ActiveCfg = Debug|Win32
		{D010109B-1C97-4308-9E11-71544C44FAE8}.Debug|Win32.Build.0 = Debug|Win32
		{D010109B-1C97-4308-9E11-71544C44FAE8}.Release|Win32.ActiveCfg = Release|Win32
		{D010109B-1C97-4308-9E11-71544C44FAE8}.Release|Win32.Build.0 = Release|Win32
	EndGlobalSection
	GlobalSection(SolutionProperties) = preSolution
		HideSolutionNode = FALSE
	EndGlobalSection
EndGlobal
